
Microsoft Visual Studio Solution File, Format Version 12.00
# Visual Studio Version 16
VisualStudioVersion = 16.0.31105.61
MinimumVisualStudioVersion = 10.0.40219.1
Project("{FAE04EC0-301F-11D3-BF4B-00C04F79EFBC}") = "ConsoleApp.Geolocation", "ConsoleApp.Geolocation.csproj", "{39949CB7-F8A6-4B1E-9261-11EAD039C961}"
EndProject
Global
	GlobalSection(SolutionConfigurationPlatforms) = preSolution
		Debug|Any CPU = Debug|Any CPU
		Release|Any CPU = Release|Any CPU
	EndGlobalSection
	GlobalSection(ProjectConfigurationPlatforms) = postSolution
		{39949CB7-F8A6-4B1E-9261-11EAD039C961}.Debug|Any CPU.ActiveCfg = Debug|Any CPU
		{39949CB7-F8A6-4B1E-9261-11EAD039C961}.Debug|Any CPU.Build.0 = Debug|Any CPU
		{39949CB7-F8A6-4B1E-9261-11EAD039C961}.Release|Any CPU.ActiveCfg = Release|Any CPU
		{39949CB7-F8A6-4B1E-9261-11EAD039C961}.Release|Any CPU.Build.0 = Release|Any CPU
	EndGlobalSection
	GlobalSection(SolutionProperties) = preSolution
		HideSolutionNode = FALSE
	EndGlobalSection
	GlobalSection(ExtensibilityGlobals) = postSolution
		SolutionGuid = {83648646-521F-4F5D-BFF0-F497F5772C5A}
	EndGlobalSection
EndGlobal
